
Microsoft Visual Studio Solution File, Format Version 12.00
# Visual Studio Version 16
VisualStudioVersion = 16.0.33027.164
MinimumVisualStudioVersion = 10.0.40219.1
Project("{FAE04EC0-301F-11D3-BF4B-00C04F79EFBC}") = "ATM", "ATM\ATM.csproj", "{975FDDB7-E914-4B41-9791-003A102A105F}"
EndProject
Global
	GlobalSection(SolutionConfigurationPlatforms) = preSolution
		Debug|Any CPU = Debug|Any CPU
		Release|Any CPU = Release|Any CPU
	EndGlobalSection
	GlobalSection(ProjectConfigurationPlatforms) = postSolution
		{975FDDB7-E914-4B41-9791-003A102A105F}.Debug|Any CPU.ActiveCfg = Debug|Any CPU
		{975FDDB7-E914-4B41-9791-003A102A105F}.Debug|Any CPU.Build.0 = Debug|Any CPU
		{975FDDB7-E914-4B41-9791-003A102A105F}.Release|Any CPU.ActiveCfg = Release|Any CPU
		{975FDDB7-E914-4B41-9791-003A102A105F}.Release|Any CPU.Build.0 = Release|Any CPU
	EndGlobalSection
	GlobalSection(SolutionProperties) = preSolution
		HideSolutionNode = FALSE
	EndGlobalSection
	GlobalSection(ExtensibilityGlobals) = postSolution
		SolutionGuid = {DE391543-3881-4869-88E3-48D6A9CDA30B}
	EndGlobalSection
EndGlobal
